
Microsoft Visual Studio Solution File, Format Version 12.00
# Visual Studio 14
VisualStudioVersion = 14.0.24720.0
MinimumVisualStudioVersion = 10.0.40219.1
Project("{FAE04EC0-301F-11D3-BF4B-00C04F79EFBC}") = "PaylevenWebAppSharp", "PaylevenWebAppSharp\PaylevenWebAppSharp.csproj", "{F971265B-A27A-40D4-9EC5-F2296CC0921B}"
EndProject
Project("{FAE04EC0-301F-11D3-BF4B-00C04F79EFBC}") = "PaylevenWebAppSharp.Tests", "PaylevenWebAppSharp.Tests\PaylevenWebAppSharp.Tests.csproj", "{82FD0671-AA33-4FBA-BB03-2E9D151710A2}"
EndProject
Global
	GlobalSection(SolutionConfigurationPlatforms) = preSolution
		Debug|Any CPU = Debug|Any CPU
		Release|Any CPU = Release|Any CPU
	EndGlobalSection
	GlobalSection(ProjectConfigurationPlatforms) = postSolution
		{F971265B-A27A-40D4-9EC5-F2296CC0921B}.Debug|Any CPU.ActiveCfg = Debug|Any CPU
		{F971265B-A27A-40D4-9EC5-F2296CC0921B}.Debug|Any CPU.Build.0 = Debug|Any CPU
		{F971265B-A27A-40D4-9EC5-F2296CC0921B}.Release|Any CPU.ActiveCfg = Release|Any CPU
		{F971265B-A27A-40D4-9EC5-F2296CC0921B}.Release|Any CPU.Build.0 = Release|Any CPU
		{82FD0671-AA33-4FBA-BB03-2E9D151710A2}.Debug|Any CPU.ActiveCfg = Debug|Any CPU
		{82FD0671-AA33-4FBA-BB03-2E9D151710A2}.Debug|Any CPU.Build.0 = Debug|Any CPU
		{82FD0671-AA33-4FBA-BB03-2E9D151710A2}.Release|Any CPU.ActiveCfg = Release|Any CPU
		{82FD0671-AA33-4FBA-BB03-2E9D151710A2}.Release|Any CPU.Build.0 = Release|Any CPU
	EndGlobalSection
	GlobalSection(SolutionProperties) = preSolution
		HideSolutionNode = FALSE
	EndGlobalSection
EndGlobal
